
Microsoft Visual Studio Solution File, Format Version 12.00
# Visual Studio Version 16
VisualStudioVersion = 16.0.29806.167
MinimumVisualStudioVersion = 10.0.40219.1
Project("{FAE04EC0-301F-11D3-BF4B-00C04F79EFBC}") = "ModelGraph", "ModelGraph\ModelGraph.csproj", "{CDAB31ED-8EBB-4F8D-AB17-57C6F1D156F6}"
EndProject
Project("{FAE04EC0-301F-11D3-BF4B-00C04F79EFBC}") = "ModelGraph.Tests.xUnit", "ModelGraph.Tests.xUnit\ModelGraph.Tests.xUnit.csproj", "{6CA4B00A-D933-415F-8CBC-E6058DE1A9BE}"
EndProject
Project("{9A19103F-16F7-4668-BE54-9A1E7A4F7556}") = "ModelGraph.Core", "ModelGraph.Core\ModelGraph.Core.csproj", "{A71A8068-A82F-4BEC-8CEB-F5EAD96B55CC}"
EndProject
Global
	GlobalSection(SolutionConfigurationPlatforms) = preSolution
		Debug|Any CPU = Debug|Any CPU
		Debug|ARM = Debug|ARM
		Debug|ARM64 = Debug|ARM64
		Debug|x64 = Debug|x64
		Debug|x86 = Debug|x86
		Release|Any CPU = Release|Any CPU
		Release|ARM = Release|ARM
		Release|ARM64 = Release|ARM64
		Release|x64 = Release|x64
		Release|x86 = Release|x86
	EndGlobalSection
	GlobalSection(ProjectConfigurationPlatforms) = postSolution
		{CDAB31ED-8EBB-4F8D-AB17-57C6F1D156F6}.Debug|Any CPU.ActiveCfg = Debug|x86
		{CDAB31ED-8EBB-4F8D-AB17-57C6F1D156F6}.Debug|ARM.ActiveCfg = Debug|ARM
		{CDAB31ED-8EBB-4F8D-AB17-57C6F1D156F6}.Debug|ARM.Build.0 = Debug|ARM
		{CDAB31ED-8EBB-4F8D-AB17-57C6F1D156F6}.Debug|ARM.Deploy.0 = Debug|ARM
		{CDAB31ED-8EBB-4F8D-AB17-57C6F1D156F6}.Debug|ARM64.ActiveCfg = Debug|ARM64
		{CDAB31ED-8EBB-4F8D-AB17-57C6F1D156F6}.Debug|ARM64.Build.0 = Debug|ARM64
		{CDAB31ED-8EBB-4F8D-AB17-57C6F1D156F6}.Debug|ARM64.Deploy.0 = Debug|ARM64
		{CDAB31ED-8EBB-4F8D-AB17-57C6F1D156F6}.Debug|x64.ActiveCfg = Debug|x64
		{CDAB31ED-8EBB-4F8D-AB17-57C6F1D156F6}.Debug|x64.Build.0 = Debug|x64
		{CDAB31ED-8EBB-4F8D-AB17-57C6F1D156F6}.Debug|x64.Deploy.0 = Debug|x64
		{CDAB31ED-8EBB-4F8D-AB17-57C6F1D156F6}.Debug|x86.ActiveCfg = Debug|x86
		{CDAB31ED-8EBB-4F8D-AB17-57C6F1D156F6}.Debug|x86.Build.0 = Debug|x86
		{CDAB31ED-8EBB-4F8D-AB17-57C6F1D156F6}.Debug|x86.Deploy.0 = Debug|x86
		{CDAB31ED-8EBB-4F8D-AB17-57C6F1D156F6}.Release|Any CPU.ActiveCfg = Release|x86
		{CDAB31ED-8EBB-4F8D-AB17-57C6F1D156F6}.Release|ARM.ActiveCfg = Release|ARM
		{CDAB31ED-8EBB-4F8D-AB17-57C6F1D156F6}.Release|ARM.Build.0 = Release|ARM
		{CDAB31ED-8EBB-4F8D-AB17-57C6F1D156F6}.Release|ARM.Deploy.0 = Release|ARM
		{CDAB31ED-8EBB-4F8D-AB17-57C6F1D156F6}.Release|ARM64.ActiveCfg = Release|ARM64
		{CDAB31ED-8EBB-4F8D-AB17-57C6F1D156F6}.Release|ARM64.Build.0 = Release|ARM64
		{CDAB31ED-8EBB-4F8D-AB17-57C6F1D156F6}.Release|ARM64.Deploy.0 = Release|ARM64
		{CDAB31ED-8EBB-4F8D-AB17-57C6F1D156F6}.Release|x64.ActiveCfg = Release|x64
		{CDAB31ED-8EBB-4F8D-AB17-57C6F1D156F6}.Release|x64.Build.0 = Release|x64
		{CDAB31ED-8EBB-4F8D-AB17-57C6F1D156F6}.Release|x64.Deploy.0 = Release|x64
		{CDAB31ED-8EBB-4F8D-AB17-57C6F1D156F6}.Release|x86.ActiveCfg = Release|x86
		{CDAB31ED-8EBB-4F8D-AB17-57C6F1D156F6}.Release|x86.Build.0 = Release|x86
		{CDAB31ED-8EBB-4F8D-AB17-57C6F1D156F6}.Release|x86.Deploy.0 = Release|x86
		{6CA4B00A-D933-415F-8CBC-E6058DE1A9BE}.Debug|Any CPU.ActiveCfg = Debug|x86
		{6CA4B00A-D933-415F-8CBC-E6058DE1A9BE}.Debug|ARM.ActiveCfg = Debug|ARM
		{6CA4B00A-D933-415F-8CBC-E6058DE1A9BE}.Debug|ARM.Build.0 = Debug|ARM
		{6CA4B00A-D933-415F-8CBC-E6058DE1A9BE}.Debug|ARM.Deploy.0 = Debug|ARM
		{6CA4B00A-D933-415F-8CBC-E6058DE1A9BE}.Debug|ARM64.ActiveCfg = Debug|x86
		{6CA4B00A-D933-415F-8CBC-E6058DE1A9BE}.Debug|x64.ActiveCfg = Debug|x64
		{6CA4B00A-D933-415F-8CBC-E6058DE1A9BE}.Debug|x64.Build.0 = Debug|x64
		{6CA4B00A-D933-415F-8CBC-E6058DE1A9BE}.Debug|x64.Deploy.0 = Debug|x64
		{6CA4B00A-D933-415F-8CBC-E6058DE1A9BE}.Debug|x86.ActiveCfg = Debug|x86
		{6CA4B00A-D933-415F-8CBC-E6058DE1A9BE}.Debug|x86.Build.0 = Debug|x86
		{6CA4B00A-D933-415F-8CBC-E6058DE1A9BE}.Debug|x86.Deploy.0 = Debug|x86
		{6CA4B00A-D933-415F-8CBC-E6058DE1A9BE}.Release|Any CPU.ActiveCfg = Release|x86
		{6CA4B00A-D933-415F-8CBC-E6058DE1A9BE}.Release|ARM.ActiveCfg = Release|ARM
		{6CA4B00A-D933-415F-8CBC-E6058DE1A9BE}.Release|ARM.Build.0 = Release|ARM
		{6CA4B00A-D933-415F-8CBC-E6058DE1A9BE}.Release|ARM.Deploy.0 = Release|ARM
		{6CA4B00A-D933-415F-8CBC-E6058DE1A9BE}.Release|ARM64.ActiveCfg = Release|x86
		{6CA4B00A-D933-415F-8CBC-E6058DE1A9BE}.Release|x64.ActiveCfg = Release|x64
		{6CA4B00A-D933-415F-8CBC-E6058DE1A9BE}.Release|x64.Build.0 = Release|x64
		{6CA4B00A-D933-415F-8CBC-E6058DE1A9BE}.Release|x64.Deploy.0 = Release|x64
		{6CA4B00A-D933-415F-8CBC-E6058DE1A9BE}.Release|x86.ActiveCfg = Release|x86
		{6CA4B00A-D933-415F-8CBC-E6058DE1A9BE}.Release|x86.Build.0 = Release|x86
		{6CA4B00A-D933-415F-8CBC-E6058DE1A9BE}.Release|x86.Deploy.0 = Release|x86
		{A71A8068-A82F-4BEC-8CEB-F5EAD96B55CC}.Debug|Any CPU.ActiveCfg = Debug|Any CPU
		{A71A8068-A82F-4BEC-8CEB-F5EAD96B55CC}.Debug|Any CPU.Build.0 = Debug|Any CPU
		{A71A8068-A82F-4BEC-8CEB-F5EAD96B55CC}.Debug|ARM.ActiveCfg = Debug|Any CPU
		{A71A8068-A82F-4BEC-8CEB-F5EAD96B55CC}.Debug|ARM.Build.0 = Debug|Any CPU
		{A71A8068-A82F-4BEC-8CEB-F5EAD96B55CC}.Debug|ARM64.ActiveCfg = Debug|Any CPU
		{A71A8068-A82F-4BEC-8CEB-F5EAD96B55CC}.Debug|ARM64.Build.0 = Debug|Any CPU
		{A71A8068-A82F-4BEC-8CEB-F5EAD96B55CC}.Debug|x64.ActiveCfg = Debug|Any CPU
		{A71A8068-A82F-4BEC-8CEB-F5EAD96B55CC}.Debug|x64.Build.0 = Debug|Any CPU
		{A71A8068-A82F-4BEC-8CEB-F5EAD96B55CC}.Debug|x86.ActiveCfg = Debug|Any CPU
		{A71A8068-A82F-4BEC-8CEB-F5EAD96B55CC}.Debug|x86.Build.0 = Debug|Any CPU
		{A71A8068-A82F-4BEC-8CEB-F5EAD96B55CC}.Release|Any CPU.ActiveCfg = Release|Any CPU
		{A71A8068-A82F-4BEC-8CEB-F5EAD96B55CC}.Release|Any CPU.Build.0 = Release|Any CPU
		{A71A8068-A82F-4BEC-8CEB-F5EAD96B55CC}.Release|ARM.ActiveCfg = Release|Any CPU
		{A71A8068-A82F-4BEC-8CEB-F5EAD96B55CC}.Release|ARM.Build.0 = Release|Any CPU
		{A71A8068-A82F-4BEC-8CEB-F5EAD96B55CC}.Release|ARM64.ActiveCfg = Release|Any CPU
		{A71A8068-A82F-4BEC-8CEB-F5EAD96B55CC}.Release|ARM64.Build.0 = Release|Any CPU
		{A71A8068-A82F-4BEC-8CEB-F5EAD96B55CC}.Release|x64.ActiveCfg = Release|Any CPU
		{A71A8068-A82F-4BEC-8CEB-F5EAD96B55CC}.Release|x64.Build.0 = Release|Any CPU
		{A71A8068-A82F-4BEC-8CEB-F5EAD96B55CC}.Release|x86.ActiveCfg = Release|Any CPU
		{A71A8068-A82F-4BEC-8CEB-F5EAD96B55CC}.Release|x86.Build.0 = Release|Any CPU
	EndGlobalSection
	GlobalSection(SolutionProperties) = preSolution
		HideSolutionNode = FALSE
	EndGlobalSection
	GlobalSection(ExtensibilityGlobals) = postSolution
		SolutionGuid = {8DFBD84A-B421-4C13-9661-0DE1D13133E5}
	EndGlobalSection
EndGlobal
